
Microsoft Visual Studio Solution File, Format Version 12.00
# Visual Studio Version 17
Project("{2150E333-8FDC-42A3-9474-1A3956D46DE8}") = "CMakePredefinedTargets", "CMakePredefinedTargets", "{E2E97F6A-7158-3FCA-BBA3-7AB180750874}"
EndProject
Project("{2150E333-8FDC-42A3-9474-1A3956D46DE8}") = "External", "External", "{12A77E51-BF27-3ADF-B113-5E93FC722783}"
EndProject
Project("{2150E333-8FDC-42A3-9474-1A3956D46DE8}") = "Internal", "Internal", "{53261F68-C22C-335C-94AA-AEDA78F8B656}"
EndProject
Project("{8BC9CEB8-8B4A-11D0-8D11-00A0C91BC942}") = "ALL_BUILD", "ALL_BUILD.vcxproj", "{53CED574-8259-3F33-A242-DE1BCC55C8CE}"
	ProjectSection(ProjectDependencies) = postProject
		{7254933E-7655-38AC-AD4D-5D4354A64C4D} = {7254933E-7655-38AC-AD4D-5D4354A64C4D}
		{5D8CE20E-095E-371C-AFD6-E560DDC4FB9E} = {5D8CE20E-095E-371C-AFD6-E560DDC4FB9E}
		{ADE5C03A-819C-36AD-9D6A-D4DBC5B57CF5} = {ADE5C03A-819C-36AD-9D6A-D4DBC5B57CF5}
		{6191C6D4-C264-34DF-8F3D-482722BDCCA1} = {6191C6D4-C264-34DF-8F3D-482722BDCCA1}
		{00995ED0-C667-38B5-A5A4-3516644483AF} = {00995ED0-C667-38B5-A5A4-3516644483AF}
		{98FBBDB9-F52C-313B-915F-0CFFBFD3AEC2} = {98FBBDB9-F52C-313B-915F-0CFFBFD3AEC2}
		{93C108BE-3F92-3191-AF4E-B5A2291FAC61} = {93C108BE-3F92-3191-AF4E-B5A2291FAC61}
		{15070474-49F4-3F3A-9DEF-91B5C3B39289} = {15070474-49F4-3F3A-9DEF-91B5C3B39289}
		{85ECB0E2-8122-3685-A1C7-2B34FDD55BEA} = {85ECB0E2-8122-3685-A1C7-2B34FDD55BEA}
		{6C205B36-F200-3917-9D61-0C4AC1FA3144} = {6C205B36-F200-3917-9D61-0C4AC1FA3144}
		{20DB5FEC-7414-3CD7-BA6C-5AD1857D57DA} = {20DB5FEC-7414-3CD7-BA6C-5AD1857D57DA}
		{8D2F47B4-EABB-31A9-8A6F-44A0EB143FB3} = {8D2F47B4-EABB-31A9-8A6F-44A0EB143FB3}
		{6BFAADA7-6D65-374B-B7DC-8DE0ABC564AC} = {6BFAADA7-6D65-374B-B7DC-8DE0ABC564AC}
	EndProjectSection
EndProject
Project("{8BC9CEB8-8B4A-11D0-8D11-00A0C91BC942}") = "ZERO_CHECK", "..\..\..\\ZERO_CHECK.vcxproj", "{7254933E-7655-38AC-AD4D-5D4354A64C4D}"
	ProjectSection(ProjectDependencies) = postProject
	EndProjectSection
EndProject
Project("{8BC9CEB8-8B4A-11D0-8D11-00A0C91BC942}") = "cocos2d", "cocos2d.vcxproj", "{5D8CE20E-095E-371C-AFD6-E560DDC4FB9E}"
	ProjectSection(ProjectDependencies) = postProject
		{7254933E-7655-38AC-AD4D-5D4354A64C4D} = {7254933E-7655-38AC-AD4D-5D4354A64C4D}
		{ADE5C03A-819C-36AD-9D6A-D4DBC5B57CF5} = {ADE5C03A-819C-36AD-9D6A-D4DBC5B57CF5}
		{6191C6D4-C264-34DF-8F3D-482722BDCCA1} = {6191C6D4-C264-34DF-8F3D-482722BDCCA1}
		{00995ED0-C667-38B5-A5A4-3516644483AF} = {00995ED0-C667-38B5-A5A4-3516644483AF}
		{98FBBDB9-F52C-313B-915F-0CFFBFD3AEC2} = {98FBBDB9-F52C-313B-915F-0CFFBFD3AEC2}
		{93C108BE-3F92-3191-AF4E-B5A2291FAC61} = {93C108BE-3F92-3191-AF4E-B5A2291FAC61}
		{15070474-49F4-3F3A-9DEF-91B5C3B39289} = {15070474-49F4-3F3A-9DEF-91B5C3B39289}
		{85ECB0E2-8122-3685-A1C7-2B34FDD55BEA} = {85ECB0E2-8122-3685-A1C7-2B34FDD55BEA}
		{6C205B36-F200-3917-9D61-0C4AC1FA3144} = {6C205B36-F200-3917-9D61-0C4AC1FA3144}
		{20DB5FEC-7414-3CD7-BA6C-5AD1857D57DA} = {20DB5FEC-7414-3CD7-BA6C-5AD1857D57DA}
		{8D2F47B4-EABB-31A9-8A6F-44A0EB143FB3} = {8D2F47B4-EABB-31A9-8A6F-44A0EB143FB3}
		{6BFAADA7-6D65-374B-B7DC-8DE0ABC564AC} = {6BFAADA7-6D65-374B-B7DC-8DE0ABC564AC}
	EndProjectSection
EndProject
Project("{8BC9CEB8-8B4A-11D0-8D11-00A0C91BC942}") = "ext_clipper", "..\..\external\clipper\ext_clipper.vcxproj", "{ADE5C03A-819C-36AD-9D6A-D4DBC5B57CF5}"
	ProjectSection(ProjectDependencies) = postProject
		{7254933E-7655-38AC-AD4D-5D4354A64C4D} = {7254933E-7655-38AC-AD4D-5D4354A64C4D}
	EndProjectSection
EndProject
Project("{8BC9CEB8-8B4A-11D0-8D11-00A0C91BC942}") = "ext_convertUTF", "..\..\external\ConvertUTF\ext_convertUTF.vcxproj", "{6191C6D4-C264-34DF-8F3D-482722BDCCA1}"
	ProjectSection(ProjectDependencies) = postProject
		{7254933E-7655-38AC-AD4D-5D4354A64C4D} = {7254933E-7655-38AC-AD4D-5D4354A64C4D}
	EndProjectSection
EndProject
Project("{8BC9CEB8-8B4A-11D0-8D11-00A0C91BC942}") = "ext_edtaa3func", "..\..\external\edtaa3func\ext_edtaa3func.vcxproj", "{00995ED0-C667-38B5-A5A4-3516644483AF}"
	ProjectSection(ProjectDependencies) = postProject
		{7254933E-7655-38AC-AD4D-5D4354A64C4D} = {7254933E-7655-38AC-AD4D-5D4354A64C4D}
	EndProjectSection
EndProject
Project("{8BC9CEB8-8B4A-11D0-8D11-00A0C91BC942}") = "ext_md5", "..\..\external\md5\ext_md5.vcxproj", "{98FBBDB9-F52C-313B-915F-0CFFBFD3AEC2}"
	ProjectSection(ProjectDependencies) = postProject
		{7254933E-7655-38AC-AD4D-5D4354A64C4D} = {7254933E-7655-38AC-AD4D-5D4354A64C4D}
	EndProjectSection
EndProject
Project("{8BC9CEB8-8B4A-11D0-8D11-00A0C91BC942}") = "ext_poly2tri", "..\..\external\poly2tri\ext_poly2tri.vcxproj", "{93C108BE-3F92-3191-AF4E-B5A2291FAC61}"
	ProjectSection(ProjectDependencies) = postProject
		{7254933E-7655-38AC-AD4D-5D4354A64C4D} = {7254933E-7655-38AC-AD4D-5D4354A64C4D}
	EndProjectSection
EndProject
Project("{8BC9CEB8-8B4A-11D0-8D11-00A0C91BC942}") = "ext_recast", "..\..\external\recast\ext_recast.vcxproj", "{15070474-49F4-3F3A-9DEF-91B5C3B39289}"
	ProjectSection(ProjectDependencies) = postProject
		{7254933E-7655-38AC-AD4D-5D4354A64C4D} = {7254933E-7655-38AC-AD4D-5D4354A64C4D}
	EndProjectSection
EndProject
Project("{8BC9CEB8-8B4A-11D0-8D11-00A0C91BC942}") = "ext_tinyxml2", "..\..\external\tinyxml2\ext_tinyxml2.vcxproj", "{85ECB0E2-8122-3685-A1C7-2B34FDD55BEA}"
	ProjectSection(ProjectDependencies) = postProject
		{7254933E-7655-38AC-AD4D-5D4354A64C4D} = {7254933E-7655-38AC-AD4D-5D4354A64C4D}
	EndProjectSection
EndProject
Project("{8BC9CEB8-8B4A-11D0-8D11-00A0C91BC942}") = "ext_unzip", "..\..\external\unzip\ext_unzip.vcxproj", "{6C205B36-F200-3917-9D61-0C4AC1FA3144}"
	ProjectSection(ProjectDependencies) = postProject
		{7254933E-7655-38AC-AD4D-5D4354A64C4D} = {7254933E-7655-38AC-AD4D-5D4354A64C4D}
	EndProjectSection
EndProject
Project("{8BC9CEB8-8B4A-11D0-8D11-00A0C91BC942}") = "ext_xxhash", "..\..\external\xxhash\ext_xxhash.vcxproj", "{20DB5FEC-7414-3CD7-BA6C-5AD1857D57DA}"
	ProjectSection(ProjectDependencies) = postProject
		{7254933E-7655-38AC-AD4D-5D4354A64C4D} = {7254933E-7655-38AC-AD4D-5D4354A64C4D}
	EndProjectSection
EndProject
Project("{8BC9CEB8-8B4A-11D0-8D11-00A0C91BC942}") = "ext_xxtea", "..\..\external\xxtea\ext_xxtea.vcxproj", "{8D2F47B4-EABB-31A9-8A6F-44A0EB143FB3}"
	ProjectSection(ProjectDependencies) = postProject
		{7254933E-7655-38AC-AD4D-5D4354A64C4D} = {7254933E-7655-38AC-AD4D-5D4354A64C4D}
	EndProjectSection
EndProject
Project("{8BC9CEB8-8B4A-11D0-8D11-00A0C91BC942}") = "external", "..\..\external\external.vcxproj", "{6BFAADA7-6D65-374B-B7DC-8DE0ABC564AC}"
	ProjectSection(ProjectDependencies) = postProject
		{7254933E-7655-38AC-AD4D-5D4354A64C4D} = {7254933E-7655-38AC-AD4D-5D4354A64C4D}
		{ADE5C03A-819C-36AD-9D6A-D4DBC5B57CF5} = {ADE5C03A-819C-36AD-9D6A-D4DBC5B57CF5}
		{6191C6D4-C264-34DF-8F3D-482722BDCCA1} = {6191C6D4-C264-34DF-8F3D-482722BDCCA1}
		{00995ED0-C667-38B5-A5A4-3516644483AF} = {00995ED0-C667-38B5-A5A4-3516644483AF}
		{98FBBDB9-F52C-313B-915F-0CFFBFD3AEC2} = {98FBBDB9-F52C-313B-915F-0CFFBFD3AEC2}
		{93C108BE-3F92-3191-AF4E-B5A2291FAC61} = {93C108BE-3F92-3191-AF4E-B5A2291FAC61}
		{15070474-49F4-3F3A-9DEF-91B5C3B39289} = {15070474-49F4-3F3A-9DEF-91B5C3B39289}
		{85ECB0E2-8122-3685-A1C7-2B34FDD55BEA} = {85ECB0E2-8122-3685-A1C7-2B34FDD55BEA}
		{6C205B36-F200-3917-9D61-0C4AC1FA3144} = {6C205B36-F200-3917-9D61-0C4AC1FA3144}
		{20DB5FEC-7414-3CD7-BA6C-5AD1857D57DA} = {20DB5FEC-7414-3CD7-BA6C-5AD1857D57DA}
		{8D2F47B4-EABB-31A9-8A6F-44A0EB143FB3} = {8D2F47B4-EABB-31A9-8A6F-44A0EB143FB3}
	EndProjectSection
EndProject
Global
	GlobalSection(SolutionConfigurationPlatforms) = preSolution
		Debug|Win32 = Debug|Win32
		Release|Win32 = Release|Win32
		MinSizeRel|Win32 = MinSizeRel|Win32
		RelWithDebInfo|Win32 = RelWithDebInfo|Win32
	EndGlobalSection
	GlobalSection(ProjectConfigurationPlatforms) = postSolution
		{53CED574-8259-3F33-A242-DE1BCC55C8CE}.Debug|Win32.ActiveCfg = Debug|Win32
		{53CED574-8259-3F33-A242-DE1BCC55C8CE}.Release|Win32.ActiveCfg = Release|Win32
		{53CED574-8259-3F33-A242-DE1BCC55C8CE}.MinSizeRel|Win32.ActiveCfg = MinSizeRel|Win32
		{53CED574-8259-3F33-A242-DE1BCC55C8CE}.RelWithDebInfo|Win32.ActiveCfg = RelWithDebInfo|Win32
		{7254933E-7655-38AC-AD4D-5D4354A64C4D}.Debug|Win32.ActiveCfg = Debug|Win32
		{7254933E-7655-38AC-AD4D-5D4354A64C4D}.Debug|Win32.Build.0 = Debug|Win32
		{7254933E-7655-38AC-AD4D-5D4354A64C4D}.Release|Win32.ActiveCfg = Release|Win32
		{7254933E-7655-38AC-AD4D-5D4354A64C4D}.Release|Win32.Build.0 = Release|Win32
		{7254933E-7655-38AC-AD4D-5D4354A64C4D}.MinSizeRel|Win32.ActiveCfg = MinSizeRel|Win32
		{7254933E-7655-38AC-AD4D-5D4354A64C4D}.MinSizeRel|Win32.Build.0 = MinSizeRel|Win32
		{7254933E-7655-38AC-AD4D-5D4354A64C4D}.RelWithDebInfo|Win32.ActiveCfg = RelWithDebInfo|Win32
		{7254933E-7655-38AC-AD4D-5D4354A64C4D}.RelWithDebInfo|Win32.Build.0 = RelWithDebInfo|Win32
		{5D8CE20E-095E-371C-AFD6-E560DDC4FB9E}.Debug|Win32.ActiveCfg = Debug|Win32
		{5D8CE20E-095E-371C-AFD6-E560DDC4FB9E}.Debug|Win32.Build.0 = Debug|Win32
		{5D8CE20E-095E-371C-AFD6-E560DDC4FB9E}.Release|Win32.ActiveCfg = Release|Win32
		{5D8CE20E-095E-371C-AFD6-E560DDC4FB9E}.Release|Win32.Build.0 = Release|Win32
		{5D8CE20E-095E-371C-AFD6-E560DDC4FB9E}.MinSizeRel|Win32.ActiveCfg = MinSizeRel|Win32
		{5D8CE20E-095E-371C-AFD6-E560DDC4FB9E}.MinSizeRel|Win32.Build.0 = MinSizeRel|Win32
		{5D8CE20E-095E-371C-AFD6-E560DDC4FB9E}.RelWithDebInfo|Win32.ActiveCfg = RelWithDebInfo|Win32
		{5D8CE20E-095E-371C-AFD6-E560DDC4FB9E}.RelWithDebInfo|Win32.Build.0 = RelWithDebInfo|Win32
		{ADE5C03A-819C-36AD-9D6A-D4DBC5B57CF5}.Debug|Win32.ActiveCfg = Debug|Win32
		{ADE5C03A-819C-36AD-9D6A-D4DBC5B57CF5}.Debug|Win32.Build.0 = Debug|Win32
		{ADE5C03A-819C-36AD-9D6A-D4DBC5B57CF5}.Release|Win32.ActiveCfg = Release|Win32
		{ADE5C03A-819C-36AD-9D6A-D4DBC5B57CF5}.Release|Win32.Build.0 = Release|Win32
		{ADE5C03A-819C-36AD-9D6A-D4DBC5B57CF5}.MinSizeRel|Win32.ActiveCfg = MinSizeRel|Win32
		{ADE5C03A-819C-36AD-9D6A-D4DBC5B57CF5}.MinSizeRel|Win32.Build.0 = MinSizeRel|Win32
		{ADE5C03A-819C-36AD-9D6A-D4DBC5B57CF5}.RelWithDebInfo|Win32.ActiveCfg = RelWithDebInfo|Win32
		{ADE5C03A-819C-36AD-9D6A-D4DBC5B57CF5}.RelWithDebInfo|Win32.Build.0 = RelWithDebInfo|Win32
		{6191C6D4-C264-34DF-8F3D-482722BDCCA1}.Debug|Win32.ActiveCfg = Debug|Win32
		{6191C6D4-C264-34DF-8F3D-482722BDCCA1}.Debug|Win32.Build.0 = Debug|Win32
		{6191C6D4-C264-34DF-8F3D-482722BDCCA1}.Release|Win32.ActiveCfg = Release|Win32
		{6191C6D4-C264-34DF-8F3D-482722BDCCA1}.Release|Win32.Build.0 = Release|Win32
		{6191C6D4-C264-34DF-8F3D-482722BDCCA1}.MinSizeRel|Win32.ActiveCfg = MinSizeRel|Win32
		{6191C6D4-C264-34DF-8F3D-482722BDCCA1}.MinSizeRel|Win32.Build.0 = MinSizeRel|Win32
		{6191C6D4-C264-34DF-8F3D-482722BDCCA1}.RelWithDebInfo|Win32.ActiveCfg = RelWithDebInfo|Win32
		{6191C6D4-C264-34DF-8F3D-482722BDCCA1}.RelWithDebInfo|Win32.Build.0 = RelWithDebInfo|Win32
		{00995ED0-C667-38B5-A5A4-3516644483AF}.Debug|Win32.ActiveCfg = Debug|Win32
		{00995ED0-C667-38B5-A5A4-3516644483AF}.Debug|Win32.Build.0 = Debug|Win32
		{00995ED0-C667-38B5-A5A4-3516644483AF}.Release|Win32.ActiveCfg = Release|Win32
		{00995ED0-C667-38B5-A5A4-3516644483AF}.Release|Win32.Build.0 = Release|Win32
		{00995ED0-C667-38B5-A5A4-3516644483AF}.MinSizeRel|Win32.ActiveCfg = MinSizeRel|Win32
		{00995ED0-C667-38B5-A5A4-3516644483AF}.MinSizeRel|Win32.Build.0 = MinSizeRel|Win32
		{00995ED0-C667-38B5-A5A4-3516644483AF}.RelWithDebInfo|Win32.ActiveCfg = RelWithDebInfo|Win32
		{00995ED0-C667-38B5-A5A4-3516644483AF}.RelWithDebInfo|Win32.Build.0 = RelWithDebInfo|Win32
		{98FBBDB9-F52C-313B-915F-0CFFBFD3AEC2}.Debug|Win32.ActiveCfg = Debug|Win32
		{98FBBDB9-F52C-313B-915F-0CFFBFD3AEC2}.Debug|Win32.Build.0 = Debug|Win32
		{98FBBDB9-F52C-313B-915F-0CFFBFD3AEC2}.Release|Win32.ActiveCfg = Release|Win32
		{98FBBDB9-F52C-313B-915F-0CFFBFD3AEC2}.Release|Win32.Build.0 = Release|Win32
		{98FBBDB9-F52C-313B-915F-0CFFBFD3AEC2}.MinSizeRel|Win32.ActiveCfg = MinSizeRel|Win32
		{98FBBDB9-F52C-313B-915F-0CFFBFD3AEC2}.MinSizeRel|Win32.Build.0 = MinSizeRel|Win32
		{98FBBDB9-F52C-313B-915F-0CFFBFD3AEC2}.RelWithDebInfo|Win32.ActiveCfg = RelWithDebInfo|Win32
		{98FBBDB9-F52C-313B-915F-0CFFBFD3AEC2}.RelWithDebInfo|Win32.Build.0 = RelWithDebInfo|Win32
		{93C108BE-3F92-3191-AF4E-B5A2291FAC61}.Debug|Win32.ActiveCfg = Debug|Win32
		{93C108BE-3F92-3191-AF4E-B5A2291FAC61}.Debug|Win32.Build.0 = Debug|Win32
		{93C108BE-3F92-3191-AF4E-B5A2291FAC61}.Release|Win32.ActiveCfg = Release|Win32
		{93C108BE-3F92-3191-AF4E-B5A2291FAC61}.Release|Win32.Build.0 = Release|Win32
		{93C108BE-3F92-3191-AF4E-B5A2291FAC61}.MinSizeRel|Win32.ActiveCfg = MinSizeRel|Win32
		{93C108BE-3F92-3191-AF4E-B5A2291FAC61}.MinSizeRel|Win32.Build.0 = MinSizeRel|Win32
		{93C108BE-3F92-3191-AF4E-B5A2291FAC61}.RelWithDebInfo|Win32.ActiveCfg = RelWithDebInfo|Win32
		{93C108BE-3F92-3191-AF4E-B5A2291FAC61}.RelWithDebInfo|Win32.Build.0 = RelWithDebInfo|Win32
		{15070474-49F4-3F3A-9DEF-91B5C3B39289}.Debug|Win32.ActiveCfg = Debug|Win32
		{15070474-49F4-3F3A-9DEF-91B5C3B39289}.Debug|Win32.Build.0 = Debug|Win32
		{15070474-49F4-3F3A-9DEF-91B5C3B39289}.Release|Win32.ActiveCfg = Release|Win32
		{15070474-49F4-3F3A-9DEF-91B5C3B39289}.Release|Win32.Build.0 = Release|Win32
		{15070474-49F4-3F3A-9DEF-91B5C3B39289}.MinSizeRel|Win32.ActiveCfg = MinSizeRel|Win32
		{15070474-49F4-3F3A-9DEF-91B5C3B39289}.MinSizeRel|Win32.Build.0 = MinSizeRel|Win32
		{15070474-49F4-3F3A-9DEF-91B5C3B39289}.RelWithDebInfo|Win32.ActiveCfg = RelWithDebInfo|Win32
		{15070474-49F4-3F3A-9DEF-91B5C3B39289}.RelWithDebInfo|Win32.Build.0 = RelWithDebInfo|Win32
		{85ECB0E2-8122-3685-A1C7-2B34FDD55BEA}.Debug|Win32.ActiveCfg = Debug|Win32
		{85ECB0E2-8122-3685-A1C7-2B34FDD55BEA}.Debug|Win32.Build.0 = Debug|Win32
		{85ECB0E2-8122-3685-A1C7-2B34FDD55BEA}.Release|Win32.ActiveCfg = Release|Win32
		{85ECB0E2-8122-3685-A1C7-2B34FDD55BEA}.Release|Win32.Build.0 = Release|Win32
		{85ECB0E2-8122-3685-A1C7-2B34FDD55BEA}.MinSizeRel|Win32.ActiveCfg = MinSizeRel|Win32
		{85ECB0E2-8122-3685-A1C7-2B34FDD55BEA}.MinSizeRel|Win32.Build.0 = MinSizeRel|Win32
		{85ECB0E2-8122-3685-A1C7-2B34FDD55BEA}.RelWithDebInfo|Win32.ActiveCfg = RelWithDebInfo|Win32
		{85ECB0E2-8122-3685-A1C7-2B34FDD55BEA}.RelWithDebInfo|Win32.Build.0 = RelWithDebInfo|Win32
		{6C205B36-F200-3917-9D61-0C4AC1FA3144}.Debug|Win32.ActiveCfg = Debug|Win32
		{6C205B36-F200-3917-9D61-0C4AC1FA3144}.Debug|Win32.Build.0 = Debug|Win32
		{6C205B36-F200-3917-9D61-0C4AC1FA3144}.Release|Win32.ActiveCfg = Release|Win32
		{6C205B36-F200-3917-9D61-0C4AC1FA3144}.Release|Win32.Build.0 = Release|Win32
		{6C205B36-F200-3917-9D61-0C4AC1FA3144}.MinSizeRel|Win32.ActiveCfg = MinSizeRel|Win32
		{6C205B36-F200-3917-9D61-0C4AC1FA3144}.MinSizeRel|Win32.Build.0 = MinSizeRel|Win32
		{6C205B36-F200-3917-9D61-0C4AC1FA3144}.RelWithDebInfo|Win32.ActiveCfg = RelWithDebInfo|Win32
		{6C205B36-F200-3917-9D61-0C4AC1FA3144}.RelWithDebInfo|Win32.Build.0 = RelWithDebInfo|Win32
		{20DB5FEC-7414-3CD7-BA6C-5AD1857D57DA}.Debug|Win32.ActiveCfg = Debug|Win32
		{20DB5FEC-7414-3CD7-BA6C-5AD1857D57DA}.Debug|Win32.Build.0 = Debug|Win32
		{20DB5FEC-7414-3CD7-BA6C-5AD1857D57DA}.Release|Win32.ActiveCfg = Release|Win32
		{20DB5FEC-7414-3CD7-BA6C-5AD1857D57DA}.Release|Win32.Build.0 = Release|Win32
		{20DB5FEC-7414-3CD7-BA6C-5AD1857D57DA}.MinSizeRel|Win32.ActiveCfg = MinSizeRel|Win32
		{20DB5FEC-7414-3CD7-BA6C-5AD1857D57DA}.MinSizeRel|Win32.Build.0 = MinSizeRel|Win32
		{20DB5FEC-7414-3CD7-BA6C-5AD1857D57DA}.RelWithDebInfo|Win32.ActiveCfg = RelWithDebInfo|Win32
		{20DB5FEC-7414-3CD7-BA6C-5AD1857D57DA}.RelWithDebInfo|Win32.Build.0 = RelWithDebInfo|Win32
		{8D2F47B4-EABB-31A9-8A6F-44A0EB143FB3}.Debug|Win32.ActiveCfg = Debug|Win32
		{8D2F47B4-EABB-31A9-8A6F-44A0EB143FB3}.Debug|Win32.Build.0 = Debug|Win32
		{8D2F47B4-EABB-31A9-8A6F-44A0EB143FB3}.Release|Win32.ActiveCfg = Release|Win32
		{8D2F47B4-EABB-31A9-8A6F-44A0EB143FB3}.Release|Win32.Build.0 = Release|Win32
		{8D2F47B4-EABB-31A9-8A6F-44A0EB143FB3}.MinSizeRel|Win32.ActiveCfg = MinSizeRel|Win32
		{8D2F47B4-EABB-31A9-8A6F-44A0EB143FB3}.MinSizeRel|Win32.Build.0 = MinSizeRel|Win32
		{8D2F47B4-EABB-31A9-8A6F-44A0EB143FB3}.RelWithDebInfo|Win32.ActiveCfg = RelWithDebInfo|Win32
		{8D2F47B4-EABB-31A9-8A6F-44A0EB143FB3}.RelWithDebInfo|Win32.Build.0 = RelWithDebInfo|Win32
		{6BFAADA7-6D65-374B-B7DC-8DE0ABC564AC}.Debug|Win32.ActiveCfg = Debug|Win32
		{6BFAADA7-6D65-374B-B7DC-8DE0ABC564AC}.Debug|Win32.Build.0 = Debug|Win32
		{6BFAADA7-6D65-374B-B7DC-8DE0ABC564AC}.Release|Win32.ActiveCfg = Release|Win32
		{6BFAADA7-6D65-374B-B7DC-8DE0ABC564AC}.Release|Win32.Build.0 = Release|Win32
		{6BFAADA7-6D65-374B-B7DC-8DE0ABC564AC}.MinSizeRel|Win32.ActiveCfg = MinSizeRel|Win32
		{6BFAADA7-6D65-374B-B7DC-8DE0ABC564AC}.MinSizeRel|Win32.Build.0 = MinSizeRel|Win32
		{6BFAADA7-6D65-374B-B7DC-8DE0ABC564AC}.RelWithDebInfo|Win32.ActiveCfg = RelWithDebInfo|Win32
		{6BFAADA7-6D65-374B-B7DC-8DE0ABC564AC}.RelWithDebInfo|Win32.Build.0 = RelWithDebInfo|Win32
	EndGlobalSection
	GlobalSection(NestedProjects) = preSolution
		{53CED574-8259-3F33-A242-DE1BCC55C8CE} = {E2E97F6A-7158-3FCA-BBA3-7AB180750874}
		{7254933E-7655-38AC-AD4D-5D4354A64C4D} = {E2E97F6A-7158-3FCA-BBA3-7AB180750874}
		{ADE5C03A-819C-36AD-9D6A-D4DBC5B57CF5} = {12A77E51-BF27-3ADF-B113-5E93FC722783}
		{6191C6D4-C264-34DF-8F3D-482722BDCCA1} = {12A77E51-BF27-3ADF-B113-5E93FC722783}
		{00995ED0-C667-38B5-A5A4-3516644483AF} = {12A77E51-BF27-3ADF-B113-5E93FC722783}
		{98FBBDB9-F52C-313B-915F-0CFFBFD3AEC2} = {12A77E51-BF27-3ADF-B113-5E93FC722783}
		{93C108BE-3F92-3191-AF4E-B5A2291FAC61} = {12A77E51-BF27-3ADF-B113-5E93FC722783}
		{15070474-49F4-3F3A-9DEF-91B5C3B39289} = {12A77E51-BF27-3ADF-B113-5E93FC722783}
		{85ECB0E2-8122-3685-A1C7-2B34FDD55BEA} = {12A77E51-BF27-3ADF-B113-5E93FC722783}
		{6C205B36-F200-3917-9D61-0C4AC1FA3144} = {12A77E51-BF27-3ADF-B113-5E93FC722783}
		{20DB5FEC-7414-3CD7-BA6C-5AD1857D57DA} = {12A77E51-BF27-3ADF-B113-5E93FC722783}
		{8D2F47B4-EABB-31A9-8A6F-44A0EB143FB3} = {12A77E51-BF27-3ADF-B113-5E93FC722783}
		{6BFAADA7-6D65-374B-B7DC-8DE0ABC564AC} = {12A77E51-BF27-3ADF-B113-5E93FC722783}
		{5D8CE20E-095E-371C-AFD6-E560DDC4FB9E} = {53261F68-C22C-335C-94AA-AEDA78F8B656}
	EndGlobalSection
	GlobalSection(ExtensibilityGlobals) = postSolution
		SolutionGuid = {42798213-A54C-3FD7-B143-F78D7F69C82E}
	EndGlobalSection
	GlobalSection(ExtensibilityAddIns) = postSolution
	EndGlobalSection
EndGlobal
